// !$*UTF8*$!
{
	archiveVersion = 1;
	classes = {
	};
	objectVersion = 46;
	objects = {

/* Begin PBXBuildFile section */
		EDE2019B18C2A8D900B130CC /* Foundation.framework in Frameworks */ = {isa = PBXBuildFile; fileRef = EDE2019A18C2A8D900B130CC /* Foundation.framework */; };
		EDE2019D18C2A8D900B130CC /* CoreGraphics.framework in Frameworks */ = {isa = PBXBuildFile; fileRef = EDE2019C18C2A8D900B130CC /* CoreGraphics.framework */; };
		EDE2019F18C2A8D900B130CC /* UIKit.framework in Frameworks */ = {isa = PBXBuildFile; fileRef = EDE2019E18C2A8D900B130CC /* UIKit.framework */; };
		EDE201A518C2A8D900B130CC /* InfoPlist.strings in Resources */ = {isa = PBXBuildFile; fileRef = EDE201A318C2A8D900B130CC /* InfoPlist.strings */; };
		EDE201A718C2A8D900B130CC /* main.m in Sources */ = {isa = PBXBuildFile; fileRef = EDE201A618C2A8D900B130CC /* main.m */; };
		EDE201AB18C2A8D900B130CC /* AppDelegate.m in Sources */ = {isa = PBXBuildFile; fileRef = EDE201AA18C2A8D900B130CC /* AppDelegate.m */; };
		EDE201AE18C2A8D900B130CC /* Main.storyboard in Resources */ = {isa = PBXBuildFile; fileRef = EDE201AC18C2A8D900B130CC /* Main.storyboard */; };
		EDE201B118C2A8D900B130CC /* ViewController.m in Sources */ = {isa = PBXBuildFile; fileRef = EDE201B018C2A8D900B130CC /* ViewController.m */; };
		EDE201B318C2A8D900B130CC /* Images.xcassets in Resources */ = {isa = PBXBuildFile; fileRef = EDE201B218C2A8D900B130CC /* Images.xcassets */; };
		EDE201BA18C2A8D900B130CC /* XCTest.framework in Frameworks */ = {isa = PBXBuildFile; fileRef = EDE201B918C2A8D900B130CC /* XCTest.framework */; };
		EDE201BB18C2A8D900B130CC /* Foundation.framework in Frameworks */ = {isa = PBXBuildFile; fileRef = EDE2019A18C2A8D900B130CC /* Foundation.framework */; };
		EDE201BC18C2A8D900B130CC /* UIKit.framework in Frameworks */ = {isa = PBXBuildFile; fileRef = EDE2019E18C2A8D900B130CC /* UIKit.framework */; };
		EDE201C418C2A8D900B130CC /* InfoPlist.strings in Resources */ = {isa = PBXBuildFile; fileRef = EDE201C218C2A8D900B130CC /* InfoPlist.strings */; };
		EDE201C618C2A8D900B130CC /* BlackjackTests.m in Sources */ = {isa = PBXBuildFile; fileRef = EDE201C518C2A8D900B130CC /* BlackjackTests.m */; };
		EDE201D118C2A8EB00B130CC /* Card.m in Sources */ = {isa = PBXBuildFile; fileRef = EDE201D018C2A8EB00B130CC /* Card.m */; };
		EDE201D418C2A93300B130CC /* Deck.m in Sources */ = {isa = PBXBuildFile; fileRef = EDE201D318C2A93300B130CC /* Deck.m */; };
		EDE201D718C2A96900B130CC /* Hand.m in Sources */ = {isa = PBXBuildFile; fileRef = EDE201D618C2A96900B130CC /* Hand.m */; };
/* End PBXBuildFile section */

/* Begin PBXContainerItemProxy section */
		EDE201BD18C2A8D900B130CC /* PBXContainerItemProxy */ = {
			isa = PBXContainerItemProxy;
			containerPortal = EDE2018F18C2A8D900B130CC /* Project object */;
			proxyType = 1;
			remoteGlobalIDString = EDE2019618C2A8D900B130CC;
			remoteInfo = Blackjack;
		};
/* End PBXContainerItemProxy section */

/* Begin PBXFileReference section */
		EDE2019718C2A8D900B130CC /* Blackjack.app */ = {isa = PBXFileReference; explicitFileType = wrapper.application; includeInIndex = 0; path = Blackjack.app; sourceTree = BUILT_PRODUCTS_DIR; };
		EDE2019A18C2A8D900B130CC /* Foundation.framework */ = {isa = PBXFileReference; lastKnownFileType = wrapper.framework; name = Foundation.framework; path = System/Library/Frameworks/Foundation.framework; sourceTree = SDKROOT; };
		EDE2019C18C2A8D900B130CC /* CoreGraphics.framework */ = {isa = PBXFileReference; lastKnownFileType = wrapper.framework; name = CoreGraphics.framework; path = System/Library/Frameworks/CoreGraphics.framework; sourceTree = SDKROOT; };
		EDE2019E18C2A8D900B130CC /* UIKit.framework */ = {isa = PBXFileReference; lastKnownFileType = wrapper.framework; name = UIKit.framework; path = System/Library/Frameworks/UIKit.framework; sourceTree = SDKROOT; };
		EDE201A218C2A8D900B130CC /* Blackjack-Info.plist */ = {isa = PBXFileReference; lastKnownFileType = text.plist.xml; path = "Blackjack-Info.plist"; sourceTree = "<group>"; };
		EDE201A418C2A8D900B130CC /* en */ = {isa = PBXFileReference; lastKnownFileType = text.plist.strings; name = en; path = en.lproj/InfoPlist.strings; sourceTree = "<group>"; };
		EDE201A618C2A8D900B130CC /* main.m */ = {isa = PBXFileReference; lastKnownFileType = sourcecode.c.objc; path = main.m; sourceTree = "<group>"; };
		EDE201A818C2A8D900B130CC /* Blackjack-Prefix.pch */ = {isa = PBXFileReference; lastKnownFileType = sourcecode.c.h; path = "Blackjack-Prefix.pch"; sourceTree = "<group>"; };
		EDE201A918C2A8D900B130CC /* AppDelegate.h */ = {isa = PBXFileReference; lastKnownFileType = sourcecode.c.h; path = AppDelegate.h; sourceTree = "<group>"; };
		EDE201AA18C2A8D900B130CC /* AppDelegate.m */ = {isa = PBXFileReference; lastKnownFileType = sourcecode.c.objc; path = AppDelegate.m; sourceTree = "<group>"; };
		EDE201AD18C2A8D900B130CC /* Base */ = {isa = PBXFileReference; lastKnownFileType = file.storyboard; name = Base; path = Base.lproj/Main.storyboard; sourceTree = "<group>"; };
		EDE201AF18C2A8D900B130CC /* ViewController.h */ = {isa = PBXFileReference; lastKnownFileType = sourcecode.c.h; path = ViewController.h; sourceTree = "<group>"; };
		EDE201B018C2A8D900B130CC /* ViewController.m */ = {isa = PBXFileReference; lastKnownFileType = sourcecode.c.objc; path = ViewController.m; sourceTree = "<group>"; };
		EDE201B218C2A8D900B130CC /* Images.xcassets */ = {isa = PBXFileReference; lastKnownFileType = folder.assetcatalog; path = Images.xcassets; sourceTree = "<group>"; };
		EDE201B818C2A8D900B130CC /* BlackjackTests.xctest */ = {isa = PBXFileReference; explicitFileType = wrapper.cfbundle; includeInIndex = 0; path = BlackjackTests.xctest; sourceTree = BUILT_PRODUCTS_DIR; };
		EDE201B918C2A8D900B130CC /* XCTest.framework */ = {isa = PBXFileReference; lastKnownFileType = wrapper.framework; name = XCTest.framework; path = Library/Frameworks/XCTest.framework; sourceTree = DEVELOPER_DIR; };
		EDE201C118C2A8D900B130CC /* BlackjackTests-Info.plist */ = {isa = PBXFileReference; lastKnownFileType = text.plist.xml; path = "BlackjackTests-Info.plist"; sourceTree = "<group>"; };
		EDE201C318C2A8D900B130CC /* en */ = {isa = PBXFileReference; lastKnownFileType = text.plist.strings; name = en; path = en.lproj/InfoPlist.strings; sourceTree = "<group>"; };
		EDE201C518C2A8D900B130CC /* BlackjackTests.m */ = {isa = PBXFileReference; lastKnownFileType = sourcecode.c.objc; path = BlackjackTests.m; sourceTree = "<group>"; };
		EDE201CF18C2A8EB00B130CC /* Card.h */ = {isa = PBXFileReference; fileEncoding = 4; lastKnownFileType = sourcecode.c.h; path = Card.h; sourceTree = "<group>"; };
		EDE201D018C2A8EB00B130CC /* Card.m */ = {isa = PBXFileReference; fileEncoding = 4; lastKnownFileType = sourcecode.c.objc; path = Card.m; sourceTree = "<group>"; };
		EDE201D218C2A93300B130CC /* Deck.h */ = {isa = PBXFileReference; fileEncoding = 4; lastKnownFileType = sourcecode.c.h; path = Deck.h; sourceTree = "<group>"; };
		EDE201D318C2A93300B130CC /* Deck.m */ = {isa = PBXFileReference; fileEncoding = 4; lastKnownFileType = sourcecode.c.objc; path = Deck.m; sourceTree = "<group>"; };
		EDE201D518C2A96900B130CC /* Hand.h */ = {isa = PBXFileReference; fileEncoding = 4; lastKnownFileType = sourcecode.c.h; path = Hand.h; sourceTree = "<group>"; };
		EDE201D618C2A96900B130CC /* Hand.m */ = {isa = PBXFileReference; fileEncoding = 4; lastKnownFileType = sourcecode.c.objc; path = Hand.m; sourceTree = "<group>"; };
/* End PBXFileReference section */

/* Begin PBXFrameworksBuildPhase section */
		EDE2019418C2A8D900B130CC /* Frameworks */ = {
			isa = PBXFrameworksBuildPhase;
			buildActionMask = 2147483647;
			files = (
				EDE2019D18C2A8D900B130CC /* CoreGraphics.framework in Frameworks */,
				EDE2019F18C2A8D900B130CC /* UIKit.framework in Frameworks */,
				EDE2019B18C2A8D900B130CC /* Foundation.framework in Frameworks */,
			);
			runOnlyForDeploymentPostprocessing = 0;
		};
		EDE201B518C2A8D900B130CC /* Frameworks */ = {
			isa = PBXFrameworksBuildPhase;
			buildActionMask = 2147483647;
			files = (
				EDE201BA18C2A8D900B130CC /* XCTest.framework in Frameworks */,
				EDE201BC18C2A8D900B130CC /* UIKit.framework in Frameworks */,
				EDE201BB18C2A8D900B130CC /* Foundation.framework in Frameworks */,
			);
			runOnlyForDeploymentPostprocessing = 0;
		};
/* End PBXFrameworksBuildPhase section */

/* Begin PBXGroup section */
		EDE2018E18C2A8D900B130CC = {
			isa = PBXGroup;
			children = (
				EDE201A018C2A8D900B130CC /* Blackjack */,
				EDE201BF18C2A8D900B130CC /* BlackjackTests */,
				EDE2019918C2A8D900B130CC /* Frameworks */,
				EDE2019818C2A8D900B130CC /* Products */,
			);
			sourceTree = "<group>";
		};
		EDE2019818C2A8D900B130CC /* Products */ = {
			isa = PBXGroup;
			children = (
				EDE2019718C2A8D900B130CC /* Blackjack.app */,
				EDE201B818C2A8D900B130CC /* BlackjackTests.xctest */,
			);
			name = Products;
			sourceTree = "<group>";
		};
		EDE2019918C2A8D900B130CC /* Frameworks */ = {
			isa = PBXGroup;
			children = (
				EDE2019A18C2A8D900B130CC /* Foundation.framework */,
				EDE2019C18C2A8D900B130CC /* CoreGraphics.framework */,
				EDE2019E18C2A8D900B130CC /* UIKit.framework */,
				EDE201B918C2A8D900B130CC /* XCTest.framework */,
			);
			name = Frameworks;
			sourceTree = "<group>";
		};
		EDE201A018C2A8D900B130CC /* Blackjack */ = {
			isa = PBXGroup;
			children = (
				EDE201A618C2A8D900B130CC /* main.m */,
				EDE201A918C2A8D900B130CC /* AppDelegate.h */,
				EDE201AA18C2A8D900B130CC /* AppDelegate.m */,
				EDE201AC18C2A8D900B130CC /* Main.storyboard */,
				EDE201AF18C2A8D900B130CC /* ViewController.h */,
				EDE201B018C2A8D900B130CC /* ViewController.m */,
				EDE201B218C2A8D900B130CC /* Images.xcassets */,
				EDE201A118C2A8D900B130CC /* Supporting Files */,
				EDE201CF18C2A8EB00B130CC /* Card.h */,
				EDE201D018C2A8EB00B130CC /* Card.m */,
				EDE201D218C2A93300B130CC /* Deck.h */,
				EDE201D318C2A93300B130CC /* Deck.m */,
				EDE201D518C2A96900B130CC /* Hand.h */,
				EDE201D618C2A96900B130CC /* Hand.m */,
			);
			path = Blackjack;
			sourceTree = "<group>";
		};
		EDE201A118C2A8D900B130CC /* Supporting Files */ = {
			isa = PBXGroup;
			children = (
				EDE201A218C2A8D900B130CC /* Blackjack-Info.plist */,
				EDE201A318C2A8D900B130CC /* InfoPlist.strings */,
				EDE201A818C2A8D900B130CC /* Blackjack-Prefix.pch */,
			);
			name = "Supporting Files";
			sourceTree = "<group>";
		};
		EDE201BF18C2A8D900B130CC /* BlackjackTests */ = {
			isa = PBXGroup;
			children = (
				EDE201C518C2A8D900B130CC /* BlackjackTests.m */,
				EDE201C018C2A8D900B130CC /* Supporting Files */,
			);
			path = BlackjackTests;
			sourceTree = "<group>";
		};
		EDE201C018C2A8D900B130CC /* Supporting Files */ = {
			isa = PBXGroup;
			children = (
				EDE201C118C2A8D900B130CC /* BlackjackTests-Info.plist */,
				EDE201C218C2A8D900B130CC /* InfoPlist.strings */,
			);
			name = "Supporting Files";
			sourceTree = "<group>";
		};
/* End PBXGroup section */

/* Begin PBXNativeTarget section */
		EDE2019618C2A8D900B130CC /* Blackjack */ = {
			isa = PBXNativeTarget;
			buildConfigurationList = EDE201C918C2A8D900B130CC /* Build configuration list for PBXNativeTarget "Blackjack" */;
			buildPhases = (
				EDE2019318C2A8D900B130CC /* Sources */,
				EDE2019418C2A8D900B130CC /* Frameworks */,
				EDE2019518C2A8D900B130CC /* Resources */,
			);
			buildRules = (
			);
			dependencies = (
			);
			name = Blackjack;
			productName = Blackjack;
			productReference = EDE2019718C2A8D900B130CC /* Blackjack.app */;
			productType = "com.apple.product-type.application";
		};
		EDE201B718C2A8D900B130CC /* BlackjackTests */ = {
			isa = PBXNativeTarget;
			buildConfigurationList = EDE201CC18C2A8D900B130CC /* Build configuration list for PBXNativeTarget "BlackjackTests" */;
			buildPhases = (
				EDE201B418C2A8D900B130CC /* Sources */,
				EDE201B518C2A8D900B130CC /* Frameworks */,
				EDE201B618C2A8D900B130CC /* Resources */,
			);
			buildRules = (
			);
			dependencies = (
				EDE201BE18C2A8D900B130CC /* PBXTargetDependency */,
			);
			name = BlackjackTests;
			productName = BlackjackTests;
			productReference = EDE201B818C2A8D900B130CC /* BlackjackTests.xctest */;
			productType = "com.apple.product-type.bundle.unit-test";
		};
/* End PBXNativeTarget section */

/* Begin PBXProject section */
		EDE2018F18C2A8D900B130CC /* Project object */ = {
			isa = PBXProject;
			attributes = {
				LastUpgradeCheck = 0500;
				ORGANIZATIONNAME = "Shalin Shah";
				TargetAttributes = {
					EDE201B718C2A8D900B130CC = {
						TestTargetID = EDE2019618C2A8D900B130CC;
					};
				};
			};
			buildConfigurationList = EDE2019218C2A8D900B130CC /* Build configuration list for PBXProject "Blackjack" */;
			compatibilityVersion = "Xcode 3.2";
			developmentRegion = English;
			hasScannedForEncodings = 0;
			knownRegions = (
				en,
				Base,
			);
			mainGroup = EDE2018E18C2A8D900B130CC;
			productRefGroup = EDE2019818C2A8D900B130CC /* Products */;
			projectDirPath = "";
			projectRoot = "";
			targets = (
				EDE2019618C2A8D900B130CC /* Blackjack */,
				EDE201B718C2A8D900B130CC /* BlackjackTests */,
			);
		};
/* End PBXProject section */

/* Begin PBXResourcesBuildPhase section */
		EDE2019518C2A8D900B130CC /* Resources */ = {
			isa = PBXResourcesBuildPhase;
			buildActionMask = 2147483647;
			files = (
				EDE201B318C2A8D900B130CC /* Images.xcassets in Resources */,
				EDE201A518C2A8D900B130CC /* InfoPlist.strings in Resources */,
				EDE201AE18C2A8D900B130CC /* Main.storyboard in Resources */,
			);
			runOnlyForDeploymentPostprocessing = 0;
		};
		EDE201B618C2A8D900B130CC /* Resources */ = {
			isa = PBXResourcesBuildPhase;
			buildActionMask = 2147483647;
			files = (
				EDE201C418C2A8D900B130CC /* InfoPlist.strings in Resources */,
			);
			runOnlyForDeploymentPostprocessing = 0;
		};
/* End PBXResourcesBuildPhase section */

/* Begin PBXSourcesBuildPhase section */
		EDE2019318C2A8D900B130CC /* Sources */ = {
			isa = PBXSourcesBuildPhase;
			buildActionMask = 2147483647;
			files = (
				EDE201D718C2A96900B130CC /* Hand.m in Sources */,
				EDE201D418C2A93300B130CC /* Deck.m in Sources */,
				EDE201B118C2A8D900B130CC /* ViewController.m in Sources */,
				EDE201AB18C2A8D900B130CC /* AppDelegate.m in Sources */,
				EDE201A718C2A8D900B130CC /* main.m in Sources */,
				EDE201D118C2A8EB00B130CC /* Card.m in Sources */,
			);
			runOnlyForDeploymentPostprocessing = 0;
		};
		EDE201B418C2A8D900B130CC /* Sources */ = {
			isa = PBXSourcesBuildPhase;
			buildActionMask = 2147483647;
			files = (
				EDE201C618C2A8D900B130CC /* BlackjackTests.m in Sources */,
			);
			runOnlyForDeploymentPostprocessing = 0;
		};
/* End PBXSourcesBuildPhase section */

/* Begin PBXTargetDependency section */
		EDE201BE18C2A8D900B130CC /* PBXTargetDependency */ = {
			isa = PBXTargetDependency;
			target = EDE2019618C2A8D900B130CC /* Blackjack */;
			targetProxy = EDE201BD18C2A8D900B130CC /* PBXContainerItemProxy */;
		};
/* End PBXTargetDependency section */

/* Begin PBXVariantGroup section */
		EDE201A318C2A8D900B130CC /* InfoPlist.strings */ = {
			isa = PBXVariantGroup;
			children = (
				EDE201A418C2A8D900B130CC /* en */,
			);
			name = InfoPlist.strings;
			sourceTree = "<group>";
		};
		EDE201AC18C2A8D900B130CC /* Main.storyboard */ = {
			isa = PBXVariantGroup;
			children = (
				EDE201AD18C2A8D900B130CC /* Base */,
			);
			name = Main.storyboard;
			sourceTree = "<group>";
		};
		EDE201C218C2A8D900B130CC /* InfoPlist.strings */ = {
			isa = PBXVariantGroup;
			children = (
				EDE201C318C2A8D900B130CC /* en */,
			);
			name = InfoPlist.strings;
			sourceTree = "<group>";
		};
/* End PBXVariantGroup section */

/* Begin XCBuildConfiguration section */
		EDE201C718C2A8D900B130CC /* Debug */ = {
			isa = XCBuildConfiguration;
			buildSettings = {
				ALWAYS_SEARCH_USER_PATHS = NO;
				ARCHS = "$(ARCHS_STANDARD_INCLUDING_64_BIT)";
				CLANG_CXX_LANGUAGE_STANDARD = "gnu++0x";
				CLANG_CXX_LIBRARY = "libc++";
				CLANG_ENABLE_MODULES = YES;
				CLANG_ENABLE_OBJC_ARC = YES;
				CLANG_WARN_BOOL_CONVERSION = YES;
				CLANG_WARN_CONSTANT_CONVERSION = YES;
				CLANG_WARN_DIRECT_OBJC_ISA_USAGE = YES_ERROR;
				CLANG_WARN_EMPTY_BODY = YES;
				CLANG_WARN_ENUM_CONVERSION = YES;
				CLANG_WARN_INT_CONVERSION = YES;
				CLANG_WARN_OBJC_ROOT_CLASS = YES_ERROR;
				CLANG_WARN__DUPLICATE_METHOD_MATCH = YES;
				"CODE_SIGN_IDENTITY[sdk=iphoneos*]" = "iPhone Developer";
				COPY_PHASE_STRIP = NO;
				GCC_C_LANGUAGE_STANDARD = gnu99;
				GCC_DYNAMIC_NO_PIC = NO;
				GCC_OPTIMIZATION_LEVEL = 0;
				GCC_PREPROCESSOR_DEFINITIONS = (
					"DEBUG=1",
					"$(inherited)",
				);
				GCC_SYMBOLS_PRIVATE_EXTERN = NO;
				GCC_WARN_64_TO_32_BIT_CONVERSION = YES;
				GCC_WARN_ABOUT_RETURN_TYPE = YES_ERROR;
				GCC_WARN_UNDECLARED_SELECTOR = YES;
				GCC_WARN_UNINITIALIZED_AUTOS = YES;
				GCC_WARN_UNUSED_FUNCTION = YES;
				GCC_WARN_UNUSED_VARIABLE = YES;
				IPHONEOS_DEPLOYMENT_TARGET = 7.0;
				ONLY_ACTIVE_ARCH = YES;
				SDKROOT = iphoneos;
			};
			name = Debug;
		};
		EDE201C818C2A8D900B130CC /* Release */ = {
			isa = XCBuildConfiguration;
			buildSettings = {
				ALWAYS_SEARCH_USER_PATHS = NO;
				ARCHS = "$(ARCHS_STANDARD_INCLUDING_64_BIT)";
				CLANG_CXX_LANGUAGE_STANDARD = "gnu++0x";
				CLANG_CXX_LIBRARY = "libc++";
				CLANG_ENABLE_MODULES = YES;
				CLANG_ENABLE_OBJC_ARC = YES;
				CLANG_WARN_BOOL_CONVERSION = YES;
				CLANG_WARN_CONSTANT_CONVERSION = YES;
				CLANG_WARN_DIRECT_OBJC_ISA_USAGE = YES_ERROR;
				CLANG_WARN_EMPTY_BODY = YES;
				CLANG_WARN_ENUM_CONVERSION = YES;
				CLANG_WARN_INT_CONVERSION = YES;
				CLANG_WARN_OBJC_ROOT_CLASS = YES_ERROR;
				CLANG_WARN__DUPLICATE_METHOD_MATCH = YES;
				"CODE_SIGN_IDENTITY[sdk=iphoneos*]" = "iPhone Developer";
				COPY_PHASE_STRIP = YES;
				ENABLE_NS_ASSERTIONS = NO;
				GCC_C_LANGUAGE_STANDARD = gnu99;
				GCC_WARN_64_TO_32_BIT_CONVERSION = YES;
				GCC_WARN_ABOUT_RETURN_TYPE = YES_ERROR;
				GCC_WARN_UNDECLARED_SELECTOR = YES;
				GCC_WARN_UNINITIALIZED_AUTOS = YES;
				GCC_WARN_UNUSED_FUNCTION = YES;
				GCC_WARN_UNUSED_VARIABLE = YES;
				IPHONEOS_DEPLOYMENT_TARGET = 7.0;
				SDKROOT = iphoneos;
				VALIDATE_PRODUCT = YES;
			};
			name = Release;
		};
		EDE201CA18C2A8D900B130CC /* Debug */ = {
			isa = XCBuildConfiguration;
			buildSettings = {
				ASSETCATALOG_COMPILER_APPICON_NAME = AppIcon;
				ASSETCATALOG_COMPILER_LAUNCHIMAGE_NAME = LaunchImage;
				GCC_PRECOMPILE_PREFIX_HEADER = YES;
				GCC_PREFIX_HEADER = "Blackjack/Blackjack-Prefix.pch";
				INFOPLIST_FILE = "Blackjack/Blackjack-Info.plist";
				PRODUCT_NAME = "$(TARGET_NAME)";
				WRAPPER_EXTENSION = app;
			};
			name = Debug;
		};
		EDE201CB18C2A8D900B130CC /* Release */ = {
			isa = XCBuildConfiguration;
			buildSettings = {
				ASSETCATALOG_COMPILER_APPICON_NAME = AppIcon;
				ASSETCATALOG_COMPILER_LAUNCHIMAGE_NAME = LaunchImage;
				GCC_PRECOMPILE_PREFIX_HEADER = YES;
				GCC_PREFIX_HEADER = "Blackjack/Blackjack-Prefix.pch";
				INFOPLIST_FILE = "Blackjack/Blackjack-Info.plist";
				PRODUCT_NAME = "$(TARGET_NAME)";
				WRAPPER_EXTENSION = app;
			};
			name = Release;
		};
		EDE201CD18C2A8D900B130CC /* Debug */ = {
			isa = XCBuildConfiguration;
			buildSettings = {
				ARCHS = "$(ARCHS_STANDARD_INCLUDING_64_BIT)";
				BUNDLE_LOADER = "$(BUILT_PRODUCTS_DIR)/Blackjack.app/Blackjack";
				FRAMEWORK_SEARCH_PATHS = (
					"$(SDKROOT)/Developer/Library/Frameworks",
					"$(inherited)",
					"$(DEVELOPER_FRAMEWORKS_DIR)",
				);
				GCC_PRECOMPILE_PREFIX_HEADER = YES;
				GCC_PREFIX_HEADER = "Blackjack/Blackjack-Prefix.pch";
				GCC_PREPROCESSOR_DEFINITIONS = (
					"DEBUG=1",
					"$(inherited)",
				);
				INFOPLIST_FILE = "BlackjackTests/BlackjackTests-Info.plist";
				PRODUCT_NAME = "$(TARGET_NAME)";
				TEST_HOST = "$(BUNDLE_LOADER)";
				WRAPPER_EXTENSION = xctest;
			};
			name = Debug;
		};
		EDE201CE18C2A8D900B130CC /* Release */ = {
			isa = XCBuildConfiguration;
			buildSettings = {
				ARCHS = "$(ARCHS_STANDARD_INCLUDING_64_BIT)";
				BUNDLE_LOADER = "$(BUILT_PRODUCTS_DIR)/Blackjack.app/Blackjack";
				FRAMEWORK_SEARCH_PATHS = (
					"$(SDKROOT)/Developer/Library/Frameworks",
					"$(inherited)",
					"$(DEVELOPER_FRAMEWORKS_DIR)",
				);
				GCC_PRECOMPILE_PREFIX_HEADER = YES;
				GCC_PREFIX_HEADER = "Blackjack/Blackjack-Prefix.pch";
				INFOPLIST_FILE = "BlackjackTests/BlackjackTests-Info.plist";
				PRODUCT_NAME = "$(TARGET_NAME)";
				TEST_HOST = "$(BUNDLE_LOADER)";
				WRAPPER_EXTENSION = xctest;
			};
			name = Release;
		};
/* End XCBuildConfiguration section */

/* Begin XCConfigurationList section */
		EDE2019218C2A8D900B130CC /* Build configuration list for PBXProject "Blackjack" */ = {
			isa = XCConfigurationList;
			buildConfigurations = (
				EDE201C718C2A8D900B130CC /* Debug */,
				EDE201C818C2A8D900B130CC /* Release */,
			);
			defaultConfigurationIsVisible = 0;
			defaultConfigurationName = Release;
		};
		EDE201C918C2A8D900B130CC /* Build configuration list for PBXNativeTarget "Blackjack" */ = {
			isa = XCConfigurationList;
			buildConfigurations = (
				EDE201CA18C2A8D900B130CC /* Debug */,
				EDE201CB18C2A8D900B130CC /* Release */,
			);
			defaultConfigurationIsVisible = 0;
			defaultConfigurationName = Release;
		};
		EDE201CC18C2A8D900B130CC /* Build configuration list for PBXNativeTarget "BlackjackTests" */ = {
			isa = XCConfigurationList;
			buildConfigurations = (
				EDE201CD18C2A8D900B130CC /* Debug */,
				EDE201CE18C2A8D900B130CC /* Release */,
			);
			defaultConfigurationIsVisible = 0;
			defaultConfigurationName = Release;
		};
/* End XCConfigurationList section */
	};
	rootObject = EDE2018F18C2A8D900B130CC /* Project object */;
}
